
Microsoft Visual Studio Solution File, Format Version 12.00
# Visual Studio Version 16
VisualStudioVersion = 16.0.32602.291
MinimumVisualStudioVersion = 10.0.40219.1
Project("{FAE04EC0-301F-11D3-BF4B-00C04F79EFBC}") = "CorrigirLivrosRTD", "CorrigirLivrosRTD\CorrigirLivrosRTD.csproj", "{16300C89-4CED-4805-847F-C3DEA6622908}"
EndProject
Global
	GlobalSection(SolutionConfigurationPlatforms) = preSolution
		Debug|Any CPU = Debug|Any CPU
		Release|Any CPU = Release|Any CPU
	EndGlobalSection
	GlobalSection(ProjectConfigurationPlatforms) = postSolution
		{16300C89-4CED-4805-847F-C3DEA6622908}.Debug|Any CPU.ActiveCfg = Debug|Any CPU
		{16300C89-4CED-4805-847F-C3DEA6622908}.Debug|Any CPU.Build.0 = Debug|Any CPU
		{16300C89-4CED-4805-847F-C3DEA6622908}.Release|Any CPU.ActiveCfg = Release|Any CPU
		{16300C89-4CED-4805-847F-C3DEA6622908}.Release|Any CPU.Build.0 = Release|Any CPU
	EndGlobalSection
	GlobalSection(SolutionProperties) = preSolution
		HideSolutionNode = FALSE
	EndGlobalSection
	GlobalSection(ExtensibilityGlobals) = postSolution
		SolutionGuid = {D19AA8AA-F679-4B05-A632-61F217639C1D}
	EndGlobalSection
EndGlobal
